
Microsoft Visual Studio Solution File, Format Version 12.00
# Visual Studio 14
VisualStudioVersion = 14.0.24720.0
MinimumVisualStudioVersion = 10.0.40219.1
Project("{FAE04EC0-301F-11D3-BF4B-00C04F79EFBC}") = "SmartSql.Versioning", "SmartSql.Versioning\SmartSql.Versioning.csproj", "{EE8E20CA-C859-4448-AB53-9DAEC5BB7A07}"
EndProject
Project("{FAE04EC0-301F-11D3-BF4B-00C04F79EFBC}") = "SmartSql.Versioning.Tests", "SmartSql.Versioning.Tests\SmartSql.Versioning.Tests.csproj", "{64D25A5B-CFA6-4421-959F-80E503D8862A}"
EndProject
Project("{FAE04EC0-301F-11D3-BF4B-00C04F79EFBC}") = "SmartSql.Versioning.WebApi", "SmartSql.Versioning.WebApi\SmartSql.Versioning.WebApi.csproj", "{FF9F820B-E901-441B-81DA-27AC45B09771}"
EndProject
Project("{FAE04EC0-301F-11D3-BF4B-00C04F79EFBC}") = "SmartSql.Versioning.WebApi.Tests", "SmartSql.Versioning.WebApi.Tests\SmartSql.Versioning.WebApi.Tests.csproj", "{25E752EC-D396-4A70-813A-491A2ACFACA5}"
EndProject
Global
	GlobalSection(SolutionConfigurationPlatforms) = preSolution
		Debug|Any CPU = Debug|Any CPU
		Release|Any CPU = Release|Any CPU
	EndGlobalSection
	GlobalSection(ProjectConfigurationPlatforms) = postSolution
		{EE8E20CA-C859-4448-AB53-9DAEC5BB7A07}.Debug|Any CPU.ActiveCfg = Debug|Any CPU
		{EE8E20CA-C859-4448-AB53-9DAEC5BB7A07}.Debug|Any CPU.Build.0 = Debug|Any CPU
		{EE8E20CA-C859-4448-AB53-9DAEC5BB7A07}.Release|Any CPU.ActiveCfg = Release|Any CPU
		{EE8E20CA-C859-4448-AB53-9DAEC5BB7A07}.Release|Any CPU.Build.0 = Release|Any CPU
		{64D25A5B-CFA6-4421-959F-80E503D8862A}.Debug|Any CPU.ActiveCfg = Debug|Any CPU
		{64D25A5B-CFA6-4421-959F-80E503D8862A}.Debug|Any CPU.Build.0 = Debug|Any CPU
		{64D25A5B-CFA6-4421-959F-80E503D8862A}.Release|Any CPU.ActiveCfg = Release|Any CPU
		{64D25A5B-CFA6-4421-959F-80E503D8862A}.Release|Any CPU.Build.0 = Release|Any CPU
		{FF9F820B-E901-441B-81DA-27AC45B09771}.Debug|Any CPU.ActiveCfg = Debug|Any CPU
		{FF9F820B-E901-441B-81DA-27AC45B09771}.Debug|Any CPU.Build.0 = Debug|Any CPU
		{FF9F820B-E901-441B-81DA-27AC45B09771}.Release|Any CPU.ActiveCfg = Release|Any CPU
		{FF9F820B-E901-441B-81DA-27AC45B09771}.Release|Any CPU.Build.0 = Release|Any CPU
		{25E752EC-D396-4A70-813A-491A2ACFACA5}.Debug|Any CPU.ActiveCfg = Debug|Any CPU
		{25E752EC-D396-4A70-813A-491A2ACFACA5}.Debug|Any CPU.Build.0 = Debug|Any CPU
		{25E752EC-D396-4A70-813A-491A2ACFACA5}.Release|Any CPU.ActiveCfg = Release|Any CPU
		{25E752EC-D396-4A70-813A-491A2ACFACA5}.Release|Any CPU.Build.0 = Release|Any CPU
	EndGlobalSection
	GlobalSection(SolutionProperties) = preSolution
		HideSolutionNode = FALSE
	EndGlobalSection
EndGlobal
